// !$*UTF8*$!
{
	archiveVersion = 1;
	classes = {
	};
	objectVersion = 50;
	objects = {

/* Begin PBXBuildFile section */
		01C9CB4E2608C46B002A5319 /* AppDelegate.swift in Sources */ = {isa = PBXBuildFile; fileRef = 01C9CB4D2608C46B002A5319 /* AppDelegate.swift */; };
		01C9CB502608C46B002A5319 /* SceneDelegate.swift in Sources */ = {isa = PBXBuildFile; fileRef = 01C9CB4F2608C46B002A5319 /* SceneDelegate.swift */; };
		01C9CB522608C46B002A5319 /* ViewController.swift in Sources */ = {isa = PBXBuildFile; fileRef = 01C9CB512608C46B002A5319 /* ViewController.swift */; };
		01C9CB552608C46B002A5319 /* Main.storyboard in Resources */ = {isa = PBXBuildFile; fileRef = 01C9CB532608C46B002A5319 /* Main.storyboard */; };
		01C9CB572608C473002A5319 /* Assets.xcassets in Resources */ = {isa = PBXBuildFile; fileRef = 01C9CB562608C473002A5319 /* Assets.xcassets */; };
		01C9CB5A2608C473002A5319 /* LaunchScreen.storyboard in Resources */ = {isa = PBXBuildFile; fileRef = 01C9CB582608C473002A5319 /* LaunchScreen.storyboard */; };
		01C9CBAE2608FF6D002A5319 /* MyCollectionViewCell.swift in Sources */ = {isa = PBXBuildFile; fileRef = 01C9CBAC2608FF6D002A5319 /* MyCollectionViewCell.swift */; };
		01C9CBAF2608FF6D002A5319 /* MyCollectionViewCell.xib in Resources */ = {isa = PBXBuildFile; fileRef = 01C9CBAD2608FF6D002A5319 /* MyCollectionViewCell.xib */; };
		01C9CBB52609206C002A5319 /* JokesManager.swift in Sources */ = {isa = PBXBuildFile; fileRef = 01C9CBB42609206C002A5319 /* JokesManager.swift */; };
/* End PBXBuildFile section */

/* Begin PBXFileReference section */
		01C9CB4A2608C46B002A5319 /* Joke App.app */ = {isa = PBXFileReference; explicitFileType = wrapper.application; includeInIndex = 0; path = "Joke App.app"; sourceTree = BUILT_PRODUCTS_DIR; };
		01C9CB4D2608C46B002A5319 /* AppDelegate.swift */ = {isa = PBXFileReference; lastKnownFileType = sourcecode.swift; path = AppDelegate.swift; sourceTree = "<group>"; };
		01C9CB4F2608C46B002A5319 /* SceneDelegate.swift */ = {isa = PBXFileReference; lastKnownFileType = sourcecode.swift; path = SceneDelegate.swift; sourceTree = "<group>"; };
		01C9CB512608C46B002A5319 /* ViewController.swift */ = {isa = PBXFileReference; lastKnownFileType = sourcecode.swift; path = ViewController.swift; sourceTree = "<group>"; };
		01C9CB542608C46B002A5319 /* Base */ = {isa = PBXFileReference; lastKnownFileType = file.storyboard; name = Base; path = Base.lproj/Main.storyboard; sourceTree = "<group>"; };
		01C9CB562608C473002A5319 /* Assets.xcassets */ = {isa = PBXFileReference; lastKnownFileType = folder.assetcatalog; path = Assets.xcassets; sourceTree = "<group>"; };
		01C9CB592608C473002A5319 /* Base */ = {isa = PBXFileReference; lastKnownFileType = file.storyboard; name = Base; path = Base.lproj/LaunchScreen.storyboard; sourceTree = "<group>"; };
		01C9CB5B2608C473002A5319 /* Info.plist */ = {isa = PBXFileReference; lastKnownFileType = text.plist.xml; path = Info.plist; sourceTree = "<group>"; };
		01C9CBAC2608FF6D002A5319 /* MyCollectionViewCell.swift */ = {isa = PBXFileReference; fileEncoding = 4; lastKnownFileType = sourcecode.swift; name = MyCollectionViewCell.swift; path = "../../../../../Library/Mobile Documents/com~apple~CloudDocs/.Trash/MyCollectionViewCell.swift"; sourceTree = "<group>"; };
		01C9CBAD2608FF6D002A5319 /* MyCollectionViewCell.xib */ = {isa = PBXFileReference; fileEncoding = 4; lastKnownFileType = file.xib; path = MyCollectionViewCell.xib; sourceTree = "<group>"; };
		01C9CBB42609206C002A5319 /* JokesManager.swift */ = {isa = PBXFileReference; lastKnownFileType = sourcecode.swift; path = JokesManager.swift; sourceTree = "<group>"; };
/* End PBXFileReference section */

/* Begin PBXFrameworksBuildPhase section */
		01C9CB472608C46B002A5319 /* Frameworks */ = {
			isa = PBXFrameworksBuildPhase;
			buildActionMask = 2147483647;
			files = (
			);
			runOnlyForDeploymentPostprocessing = 0;
		};
/* End PBXFrameworksBuildPhase section */

/* Begin PBXGroup section */
		01C9CB412608C46B002A5319 = {
			isa = PBXGroup;
			children = (
				01C9CB4C2608C46B002A5319 /* Joke App */,
				01C9CB4B2608C46B002A5319 /* Products */,
			);
			sourceTree = "<group>";
		};
		01C9CB4B2608C46B002A5319 /* Products */ = {
			isa = PBXGroup;
			children = (
				01C9CB4A2608C46B002A5319 /* Joke App.app */,
			);
			name = Products;
			sourceTree = "<group>";
		};
		01C9CB4C2608C46B002A5319 /* Joke App */ = {
			isa = PBXGroup;
			children = (
				01C9CBB326092035002A5319 /* Model */,
				01C9CB4D2608C46B002A5319 /* AppDelegate.swift */,
				01C9CB4F2608C46B002A5319 /* SceneDelegate.swift */,
				01C9CB512608C46B002A5319 /* ViewController.swift */,
				01C9CBB22609201F002A5319 /* View */,
				01C9CB562608C473002A5319 /* Assets.xcassets */,
				01C9CB582608C473002A5319 /* LaunchScreen.storyboard */,
				01C9CBAC2608FF6D002A5319 /* MyCollectionViewCell.swift */,
				01C9CBAD2608FF6D002A5319 /* MyCollectionViewCell.xib */,
				01C9CB5B2608C473002A5319 /* Info.plist */,
			);
			path = "Joke App";
			sourceTree = "<group>";
		};
		01C9CBB22609201F002A5319 /* View */ = {
			isa = PBXGroup;
			children = (
				01C9CB532608C46B002A5319 /* Main.storyboard */,
			);
			path = View;
			sourceTree = "<group>";
		};
		01C9CBB326092035002A5319 /* Model */ = {
			isa = PBXGroup;
			children = (
				01C9CBB42609206C002A5319 /* JokesManager.swift */,
			);
			path = Model;
			sourceTree = "<group>";
		};
/* End PBXGroup section */

/* Begin PBXNativeTarget section */
		01C9CB492608C46B002A5319 /* Joke App */ = {
			isa = PBXNativeTarget;
			buildConfigurationList = 01C9CB5E2608C473002A5319 /* Build configuration list for PBXNativeTarget "Joke App" */;
			buildPhases = (
				01C9CB462608C46B002A5319 /* Sources */,
				01C9CB472608C46B002A5319 /* Frameworks */,
				01C9CB482608C46B002A5319 /* Resources */,
			);
			buildRules = (
			);
			dependencies = (
			);
			name = "Joke App";
			productName = "Joke App";
			productReference = 01C9CB4A2608C46B002A5319 /* Joke App.app */;
			productType = "com.apple.product-type.application";
		};
/* End PBXNativeTarget section */

/* Begin PBXProject section */
		01C9CB422608C46B002A5319 /* Project object */ = {
			isa = PBXProject;
			attributes = {
				LastSwiftUpdateCheck = 1240;
				LastUpgradeCheck = 1240;
				TargetAttributes = {
					01C9CB492608C46B002A5319 = {
						CreatedOnToolsVersion = 12.4;
					};
				};
			};
			buildConfigurationList = 01C9CB452608C46B002A5319 /* Build configuration list for PBXProject "Joke App" */;
			compatibilityVersion = "Xcode 9.3";
			developmentRegion = en;
			hasScannedForEncodings = 0;
			knownRegions = (
				en,
				Base,
			);
			mainGroup = 01C9CB412608C46B002A5319;
			productRefGroup = 01C9CB4B2608C46B002A5319 /* Products */;
			projectDirPath = "";
			projectRoot = "";
			targets = (
				01C9CB492608C46B002A5319 /* Joke App */,
			);
		};
/* End PBXProject section */

/* Begin PBXResourcesBuildPhase section */
		01C9CB482608C46B002A5319 /* Resources */ = {
			isa = PBXResourcesBuildPhase;
			buildActionMask = 2147483647;
			files = (
				01C9CB5A2608C473002A5319 /* LaunchScreen.storyboard in Resources */,
				01C9CB572608C473002A5319 /* Assets.xcassets in Resources */,
				01C9CBAF2608FF6D002A5319 /* MyCollectionViewCell.xib in Resources */,
				01C9CB552608C46B002A5319 /* Main.storyboard in Resources */,
			);
			runOnlyForDeploymentPostprocessing = 0;
		};
/* End PBXResourcesBuildPhase section */

/* Begin PBXSourcesBuildPhase section */
		01C9CB462608C46B002A5319 /* Sources */ = {
			isa = PBXSourcesBuildPhase;
			buildActionMask = 2147483647;
			files = (
				01C9CB522608C46B002A5319 /* ViewController.swift in Sources */,
				01C9CBAE2608FF6D002A5319 /* MyCollectionViewCell.swift in Sources */,
				01C9CBB52609206C002A5319 /* JokesManager.swift in Sources */,
				01C9CB4E2608C46B002A5319 /* AppDelegate.swift in Sources */,
				01C9CB502608C46B002A5319 /* SceneDelegate.swift in Sources */,
			);
			runOnlyForDeploymentPostprocessing = 0;
		};
/* End PBXSourcesBuildPhase section */

/* Begin PBXVariantGroup section */
		01C9CB532608C46B002A5319 /* Main.storyboard */ = {
			isa = PBXVariantGroup;
			children = (
				01C9CB542608C46B002A5319 /* Base */,
			);
			name = Main.storyboard;
			sourceTree = "<group>";
		};
		01C9CB582608C473002A5319 /* LaunchScreen.storyboard */ = {
			isa = PBXVariantGroup;
			children = (
				01C9CB592608C473002A5319 /* Base */,
			);
			name = LaunchScreen.storyboard;
			sourceTree = "<group>";
		};
/* End PBXVariantGroup section */

/* Begin XCBuildConfiguration section */
		01C9CB5C2608C473002A5319 /* Debug */ = {
			isa = XCBuildConfiguration;
			buildSettings = {
				ALWAYS_SEARCH_USER_PATHS = NO;
				CLANG_ANALYZER_NONNULL = YES;
				CLANG_ANALYZER_NUMBER_OBJECT_CONVERSION = YES_AGGRESSIVE;
				CLANG_CXX_LANGUAGE_STANDARD = "gnu++14";
				CLANG_CXX_LIBRARY = "libc++";
				CLANG_ENABLE_MODULES = YES;
				CLANG_ENABLE_OBJC_ARC = YES;
				CLANG_ENABLE_OBJC_WEAK = YES;
				CLANG_WARN_BLOCK_CAPTURE_AUTORELEASING = YES;
				CLANG_WARN_BOOL_CONVERSION = YES;
				CLANG_WARN_COMMA = YES;
				CLANG_WARN_CONSTANT_CONVERSION = YES;
				CLANG_WARN_DEPRECATED_OBJC_IMPLEMENTATIONS = YES;
				CLANG_WARN_DIRECT_OBJC_ISA_USAGE = YES_ERROR;
				CLANG_WARN_DOCUMENTATION_COMMENTS = YES;
				CLANG_WARN_EMPTY_BODY = YES;
				CLANG_WARN_ENUM_CONVERSION = YES;
				CLANG_WARN_INFINITE_RECURSION = YES;
				CLANG_WARN_INT_CONVERSION = YES;
				CLANG_WARN_NON_LITERAL_NULL_CONVERSION = YES;
				CLANG_WARN_OBJC_IMPLICIT_RETAIN_SELF = YES;
				CLANG_WARN_OBJC_LITERAL_CONVERSION = YES;
				CLANG_WARN_OBJC_ROOT_CLASS = YES_ERROR;
				CLANG_WARN_QUOTED_INCLUDE_IN_FRAMEWORK_HEADER = YES;
				CLANG_WARN_RANGE_LOOP_ANALYSIS = YES;
				CLANG_WARN_STRICT_PROTOTYPES = YES;
				CLANG_WARN_SUSPICIOUS_MOVE = YES;
				CLANG_WARN_UNGUARDED_AVAILABILITY = YES_AGGRESSIVE;
				CLANG_WARN_UNREACHABLE_CODE = YES;
				CLANG_WARN__DUPLICATE_METHOD_MATCH = YES;
				COPY_PHASE_STRIP = NO;
				DEBUG_INFORMATION_FORMAT = dwarf;
				ENABLE_STRICT_OBJC_MSGSEND = YES;
				ENABLE_TESTABILITY = YES;
				GCC_C_LANGUAGE_STANDARD = gnu11;
				GCC_DYNAMIC_NO_PIC = NO;
				GCC_NO_COMMON_BLOCKS = YES;
				GCC_OPTIMIZATION_LEVEL = 0;
				GCC_PREPROCESSOR_DEFINITIONS = (
					"DEBUG=1",
					"$(inherited)",
				);
				GCC_WARN_64_TO_32_BIT_CONVERSION = YES;
				GCC_WARN_ABOUT_RETURN_TYPE = YES_ERROR;
				GCC_WARN_UNDECLARED_SELECTOR = YES;
				GCC_WARN_UNINITIALIZED_AUTOS = YES_AGGRESSIVE;
				GCC_WARN_UNUSED_FUNCTION = YES;
				GCC_WARN_UNUSED_VARIABLE = YES;
				IPHONEOS_DEPLOYMENT_TARGET = 14.4;
				MTL_ENABLE_DEBUG_INFO = INCLUDE_SOURCE;
				MTL_FAST_MATH = YES;
				ONLY_ACTIVE_ARCH = YES;
				SDKROOT = iphoneos;
				SWIFT_ACTIVE_COMPILATION_CONDITIONS = DEBUG;
				SWIFT_OPTIMIZATION_LEVEL = "-Onone";
			};
			name = Debug;
		};
		01C9CB5D2608C473002A5319 /* Release */ = {
			isa = XCBuildConfiguration;
			buildSettings = {
				ALWAYS_SEARCH_USER_PATHS = NO;
				CLANG_ANALYZER_NONNULL = YES;
				CLANG_ANALYZER_NUMBER_OBJECT_CONVERSION = YES_AGGRESSIVE;
				CLANG_CXX_LANGUAGE_STANDARD = "gnu++14";
				CLANG_CXX_LIBRARY = "libc++";
				CLANG_ENABLE_MODULES = YES;
				CLANG_ENABLE_OBJC_ARC = YES;
				CLANG_ENABLE_OBJC_WEAK = YES;
				CLANG_WARN_BLOCK_CAPTURE_AUTORELEASING = YES;
				CLANG_WARN_BOOL_CONVERSION = YES;
				CLANG_WARN_COMMA = YES;
				CLANG_WARN_CONSTANT_CONVERSION = YES;
				CLANG_WARN_DEPRECATED_OBJC_IMPLEMENTATIONS = YES;
				CLANG_WARN_DIRECT_OBJC_ISA_USAGE = YES_ERROR;
				CLANG_WARN_DOCUMENTATION_COMMENTS = YES;
				CLANG_WARN_EMPTY_BODY = YES;
				CLANG_WARN_ENUM_CONVERSION = YES;
				CLANG_WARN_INFINITE_RECURSION = YES;
				CLANG_WARN_INT_CONVERSION = YES;
				CLANG_WARN_NON_LITERAL_NULL_CONVERSION = YES;
				CLANG_WARN_OBJC_IMPLICIT_RETAIN_SELF = YES;
				CLANG_WARN_OBJC_LITERAL_CONVERSION = YES;
				CLANG_WARN_OBJC_ROOT_CLASS = YES_ERROR;
				CLANG_WARN_QUOTED_INCLUDE_IN_FRAMEWORK_HEADER = YES;
				CLANG_WARN_RANGE_LOOP_ANALYSIS = YES;
				CLANG_WARN_STRICT_PROTOTYPES = YES;
				CLANG_WARN_SUSPICIOUS_MOVE = YES;
				CLANG_WARN_UNGUARDED_AVAILABILITY = YES_AGGRESSIVE;
				CLANG_WARN_UNREACHABLE_CODE = YES;
				CLANG_WARN__DUPLICATE_METHOD_MATCH = YES;
				COPY_PHASE_STRIP = NO;
				DEBUG_INFORMATION_FORMAT = "dwarf-with-dsym";
				ENABLE_NS_ASSERTIONS = NO;
				ENABLE_STRICT_OBJC_MSGSEND = YES;
				GCC_C_LANGUAGE_STANDARD = gnu11;
				GCC_NO_COMMON_BLOCKS = YES;
				GCC_WARN_64_TO_32_BIT_CONVERSION = YES;
				GCC_WARN_ABOUT_RETURN_TYPE = YES_ERROR;
				GCC_WARN_UNDECLARED_SELECTOR = YES;
				GCC_WARN_UNINITIALIZED_AUTOS = YES_AGGRESSIVE;
				GCC_WARN_UNUSED_FUNCTION = YES;
				GCC_WARN_UNUSED_VARIABLE = YES;
				IPHONEOS_DEPLOYMENT_TARGET = 14.4;
				MTL_ENABLE_DEBUG_INFO = NO;
				MTL_FAST_MATH = YES;
				SDKROOT = iphoneos;
				SWIFT_COMPILATION_MODE = wholemodule;
				SWIFT_OPTIMIZATION_LEVEL = "-O";
				VALIDATE_PRODUCT = YES;
			};
			name = Release;
		};
		01C9CB5F2608C473002A5319 /* Debug */ = {
			isa = XCBuildConfiguration;
			buildSettings = {
				ASSETCATALOG_COMPILER_APPICON_NAME = AppIcon;
				ASSETCATALOG_COMPILER_GLOBAL_ACCENT_COLOR_NAME = AccentColor;
				CODE_SIGN_STYLE = Automatic;
				DEVELOPMENT_TEAM = U4TW6DLDUS;
				INFOPLIST_FILE = "Joke App/Info.plist";
				LD_RUNPATH_SEARCH_PATHS = (
					"$(inherited)",
					"@executable_path/Frameworks",
				);
				PRODUCT_BUNDLE_IDENTIFIER = "com.NaveenVangalapudi.Joke-App";
				PRODUCT_NAME = "$(TARGET_NAME)";
				SWIFT_VERSION = 5.0;
				TARGETED_DEVICE_FAMILY = "1,2";
			};
			name = Debug;
		};
		01C9CB602608C473002A5319 /* Release */ = {
			isa = XCBuildConfiguration;
			buildSettings = {
				ASSETCATALOG_COMPILER_APPICON_NAME = AppIcon;
				ASSETCATALOG_COMPILER_GLOBAL_ACCENT_COLOR_NAME = AccentColor;
				CODE_SIGN_STYLE = Automatic;
				DEVELOPMENT_TEAM = U4TW6DLDUS;
				INFOPLIST_FILE = "Joke App/Info.plist";
				LD_RUNPATH_SEARCH_PATHS = (
					"$(inherited)",
					"@executable_path/Frameworks",
				);
				PRODUCT_BUNDLE_IDENTIFIER = "com.NaveenVangalapudi.Joke-App";
				PRODUCT_NAME = "$(TARGET_NAME)";
				SWIFT_VERSION = 5.0;
				TARGETED_DEVICE_FAMILY = "1,2";
			};
			name = Release;
		};
/* End XCBuildConfiguration section */

/* Begin XCConfigurationList section */
		01C9CB452608C46B002A5319 /* Build configuration list for PBXProject "Joke App" */ = {
			isa = XCConfigurationList;
			buildConfigurations = (
				01C9CB5C2608C473002A5319 /* Debug */,
				01C9CB5D2608C473002A5319 /* Release */,
			);
			defaultConfigurationIsVisible = 0;
			defaultConfigurationName = Release;
		};
		01C9CB5E2608C473002A5319 /* Build configuration list for PBXNativeTarget "Joke App" */ = {
			isa = XCConfigurationList;
			buildConfigurations = (
				01C9CB5F2608C473002A5319 /* Debug */,
				01C9CB602608C473002A5319 /* Release */,
			);
			defaultConfigurationIsVisible = 0;
			defaultConfigurationName = Release;
		};
/* End XCConfigurationList section */
	};
	rootObject = 01C9CB422608C46B002A5319 /* Project object */;
}
